
Microsoft Visual Studio Solution File, Format Version 12.00
# Visual Studio Version 17
VisualStudioVersion = 17.7.34018.315
MinimumVisualStudioVersion = 10.0.40219.1
Project("{FAE04EC0-301F-11D3-BF4B-00C04F79EFBC}") = "SellingCourses", "SellingCourses\SellingCourses.csproj", "{9FB76F1A-4FC7-4EBD-8B1D-DA6516801109}"
EndProject
Global
	GlobalSection(SolutionConfigurationPlatforms) = preSolution
		Debug|Any CPU = Debug|Any CPU
		Release|Any CPU = Release|Any CPU
	EndGlobalSection
	GlobalSection(ProjectConfigurationPlatforms) = postSolution
		{9FB76F1A-4FC7-4EBD-8B1D-DA6516801109}.Debug|Any CPU.ActiveCfg = Debug|Any CPU
		{9FB76F1A-4FC7-4EBD-8B1D-DA6516801109}.Debug|Any CPU.Build.0 = Debug|Any CPU
		{9FB76F1A-4FC7-4EBD-8B1D-DA6516801109}.Release|Any CPU.ActiveCfg = Release|Any CPU
		{9FB76F1A-4FC7-4EBD-8B1D-DA6516801109}.Release|Any CPU.Build.0 = Release|Any CPU
	EndGlobalSection
	GlobalSection(SolutionProperties) = preSolution
		HideSolutionNode = FALSE
	EndGlobalSection
	GlobalSection(ExtensibilityGlobals) = postSolution
		SolutionGuid = {B404EAF2-2C1A-4940-9F3F-FA39149E8239}
	EndGlobalSection
EndGlobal
